
Microsoft Visual Studio Solution File, Format Version 12.00
# Visual Studio Version 17
VisualStudioVersion = 17.0.31903.59
MinimumVisualStudioVersion = 10.0.40219.1
Project("{FAE04EC0-301F-11D3-BF4B-00C04F79EFBC}") = "Accounts", "..\Accounts\Accounts\Accounts.csproj", "{4AE7BFC9-B4C8-4A41-8E09-1AC7ADE55FDC}"
EndProject
Project("{FAE04EC0-301F-11D3-BF4B-00C04F79EFBC}") = "AssemblyLoading", "..\Accounts\AssemblyLoading\AssemblyLoading.csproj", "{3781769F-4F40-4CAC-894F-27EF65A7DD33}"
EndProject
Project("{FAE04EC0-301F-11D3-BF4B-00C04F79EFBC}") = "Authentication", "..\Accounts\Authentication\Authentication.csproj", "{A99A59FE-D64C-4938-80A2-DE0741C31A16}"
EndProject
Project("{FAE04EC0-301F-11D3-BF4B-00C04F79EFBC}") = "Authentication.ResourceManager", "..\Accounts\Authentication.ResourceManager\Authentication.ResourceManager.csproj", "{99E1B9D9-F4E4-4BD2-8D8E-F9C7051045C4}"
EndProject
Project("{FAE04EC0-301F-11D3-BF4B-00C04F79EFBC}") = "AuthenticationAssemblyLoadContext", "..\Accounts\AuthenticationAssemblyLoadContext\AuthenticationAssemblyLoadContext.csproj", "{CAFA36B1-C33D-4DDD-8D76-CA7B99F86780}"
EndProject
Project("{FAE04EC0-301F-11D3-BF4B-00C04F79EFBC}") = "Authenticators", "..\Accounts\Authenticators\Authenticators.csproj", "{B5C00FE1-E35D-498F-AB40-31993BE4408E}"
EndProject
Project("{FAE04EC0-301F-11D3-BF4B-00C04F79EFBC}") = "Az.ConnectedKubernetes", "Az.ConnectedKubernetes.csproj", "{7D04808A-2A51-40B0-AE7A-9D66FECC25EB}"
EndProject
Global
	GlobalSection(SolutionConfigurationPlatforms) = preSolution
		Debug|Any CPU = Debug|Any CPU
		Release|Any CPU = Release|Any CPU
	EndGlobalSection
	GlobalSection(SolutionProperties) = preSolution
		HideSolutionNode = FALSE
	EndGlobalSection
	GlobalSection(ProjectConfigurationPlatforms) = postSolution
		{4AE7BFC9-B4C8-4A41-8E09-1AC7ADE55FDC}.Debug|Any CPU.ActiveCfg = Debug|Any CPU
		{4AE7BFC9-B4C8-4A41-8E09-1AC7ADE55FDC}.Debug|Any CPU.Build.0 = Debug|Any CPU
		{4AE7BFC9-B4C8-4A41-8E09-1AC7ADE55FDC}.Release|Any CPU.ActiveCfg = Release|Any CPU
		{4AE7BFC9-B4C8-4A41-8E09-1AC7ADE55FDC}.Release|Any CPU.Build.0 = Release|Any CPU
		{3781769F-4F40-4CAC-894F-27EF65A7DD33}.Debug|Any CPU.ActiveCfg = Debug|Any CPU
		{3781769F-4F40-4CAC-894F-27EF65A7DD33}.Debug|Any CPU.Build.0 = Debug|Any CPU
		{3781769F-4F40-4CAC-894F-27EF65A7DD33}.Release|Any CPU.ActiveCfg = Release|Any CPU
		{3781769F-4F40-4CAC-894F-27EF65A7DD33}.Release|Any CPU.Build.0 = Release|Any CPU
		{A99A59FE-D64C-4938-80A2-DE0741C31A16}.Debug|Any CPU.ActiveCfg = Debug|Any CPU
		{A99A59FE-D64C-4938-80A2-DE0741C31A16}.Debug|Any CPU.Build.0 = Debug|Any CPU
		{A99A59FE-D64C-4938-80A2-DE0741C31A16}.Release|Any CPU.ActiveCfg = Release|Any CPU
		{A99A59FE-D64C-4938-80A2-DE0741C31A16}.Release|Any CPU.Build.0 = Release|Any CPU
		{99E1B9D9-F4E4-4BD2-8D8E-F9C7051045C4}.Debug|Any CPU.ActiveCfg = Debug|Any CPU
		{99E1B9D9-F4E4-4BD2-8D8E-F9C7051045C4}.Debug|Any CPU.Build.0 = Debug|Any CPU
		{99E1B9D9-F4E4-4BD2-8D8E-F9C7051045C4}.Release|Any CPU.ActiveCfg = Release|Any CPU
		{99E1B9D9-F4E4-4BD2-8D8E-F9C7051045C4}.Release|Any CPU.Build.0 = Release|Any CPU
		{CAFA36B1-C33D-4DDD-8D76-CA7B99F86780}.Debug|Any CPU.ActiveCfg = Debug|Any CPU
		{CAFA36B1-C33D-4DDD-8D76-CA7B99F86780}.Debug|Any CPU.Build.0 = Debug|Any CPU
		{CAFA36B1-C33D-4DDD-8D76-CA7B99F86780}.Release|Any CPU.ActiveCfg = Release|Any CPU
		{CAFA36B1-C33D-4DDD-8D76-CA7B99F86780}.Release|Any CPU.Build.0 = Release|Any CPU
		{B5C00FE1-E35D-498F-AB40-31993BE4408E}.Debug|Any CPU.ActiveCfg = Debug|Any CPU
		{B5C00FE1-E35D-498F-AB40-31993BE4408E}.Debug|Any CPU.Build.0 = Debug|Any CPU
		{B5C00FE1-E35D-498F-AB40-31993BE4408E}.Release|Any CPU.ActiveCfg = Release|Any CPU
		{B5C00FE1-E35D-498F-AB40-31993BE4408E}.Release|Any CPU.Build.0 = Release|Any CPU
		{7D04808A-2A51-40B0-AE7A-9D66FECC25EB}.Debug|Any CPU.ActiveCfg = Debug|Any CPU
		{7D04808A-2A51-40B0-AE7A-9D66FECC25EB}.Debug|Any CPU.Build.0 = Debug|Any CPU
		{7D04808A-2A51-40B0-AE7A-9D66FECC25EB}.Release|Any CPU.ActiveCfg = Release|Any CPU
		{7D04808A-2A51-40B0-AE7A-9D66FECC25EB}.Release|Any CPU.Build.0 = Release|Any CPU
	EndGlobalSection
EndGlobal
